<?xml version="1.0" encoding="utf-8"?>
<Project ToolsVersion="4.0" xmlns="http://schemas.microsoft.com/developer/msbuild/2003">
  <ItemGroup>
    <Filter Include="Source Files">
      <UniqueIdentifier>{4FC737F1-C7A5-4376-A066-2A32D752A2FF}</UniqueIdentifier>
      <Extensions>cpp;c;cc;cxx;c++;cppm;ixx;def;odl;idl;hpj;bat;asm;asmx</Extensions>
    </Filter>
    <Filter Include="Header Files">
      <UniqueIdentifier>{93995380-89BD-4b04-88EB-625FBE52EBFB}</UniqueIdentifier>
      <Extensions>h;hh;hpp;hxx;h++;hm;inl;inc;ipp;xsd</Extensions>
    </Filter>
    <Filter Include="Resource Files">
      <UniqueIdentifier>{67DA6AB6-F800-4c08-8B7A-83BB121AAD01}</UniqueIdentifier>
      <Extensions>rc;ico;cur;bmp;dlg;rc2;rct;bin;rgs;gif;jpg;jpeg;jpe;resx;tiff;tif;png;wav;mfcribbon-ms</Extensions>
    </Filter>
    <Filter Include="Header Files\Systems">
      <UniqueIdentifier>{d13f6d04-50d5-4b32-8596-517602205ead}</UniqueIdentifier>
    </Filter>
    <Filter Include="Header Files\ThirdParty">
      <UniqueIdentifier>{156a49a4-301a-4113-ae06-8364fb0f3957}</UniqueIdentifier>
    </Filter>
    <Filter Include="Source Files\ThirdParty">
      <UniqueIdentifier>{35cadd43-7fbb-4972-a95f-1d4c0977b1e9}</UniqueIdentifier>
    </Filter>
    <Filter Include="Source Files\Systems">
      <UniqueIdentifier>{ac278309-e734-4b44-931c-d7d43467196f}</UniqueIdentifier>
    </Filter>
    <Filter Include="Source Files\Game">
      <UniqueIdentifier>{06244d3a-43d4-4ae6-ac44-21a075fad0ca}</UniqueIdentifier>
    </Filter>
    <Filter Include="Header Files\Game">
      <UniqueIdentifier>{74321728-004e-4f89-b78b-cf790bec3b7f}</UniqueIdentifier>
    </Filter>
    <Filter Include="Header Files\Debug">
      <UniqueIdentifier>{461a0384-b43f-4b8d-ba59-94c0e323c746}</UniqueIdentifier>
    </Filter>
    <Filter Include="Header Files\EntityManager">
      <UniqueIdentifier>{017bc623-6cf5-4bc6-bf00-aa63011f5267}</UniqueIdentifier>
    </Filter>
    <Filter Include="Header Files\Inputs">
      <UniqueIdentifier>{54a1aba4-54a8-43cc-b110-f2dd1ee71983}</UniqueIdentifier>
    </Filter>
    <Filter Include="Source Files\EntityManager">
      <UniqueIdentifier>{491be777-46ad-436f-bd4a-4fa1efec0d13}</UniqueIdentifier>
    </Filter>
    <Filter Include="Header Files\Utils">
      <UniqueIdentifier>{c9512b0d-d7ed-42f5-a7a1-cb9495eeccd4}</UniqueIdentifier>
    </Filter>
    <Filter Include="Source Files\Utils">
      <UniqueIdentifier>{06601408-bf85-455a-b310-962093dc1835}</UniqueIdentifier>
    </Filter>
    <Filter Include="Header Files\Components">
      <UniqueIdentifier>{95faf67a-833f-4ba9-a88a-a6c4efab44e5}</UniqueIdentifier>
    </Filter>
  </ItemGroup>
  <ItemGroup>
    <ClCompile Include="EntryPoint.cpp">
      <Filter>Source Files</Filter>
    </ClCompile>
    <ClCompile Include="$(MSBuildThisFileDirectory)..\..\lib\native\src\gtest\gtest-all.cc">
      <Filter>Source Files</Filter>
    </ClCompile>
    <ClCompile Include="$(MSBuildThisFileDirectory)..\..\lib\native\src\gmock\gmock-all.cc">
      <Filter>Source Files</Filter>
    </ClCompile>
    <ClCompile Include="Private\ThirdParty\imgui\imgui.cpp">
      <Filter>Source Files\ThirdParty</Filter>
    </ClCompile>
    <ClCompile Include="Private\ThirdParty\imgui\imgui_draw.cpp">
      <Filter>Source Files\ThirdParty</Filter>
    </ClCompile>
    <ClCompile Include="Private\ThirdParty\imgui\imgui_tables.cpp">
      <Filter>Source Files\ThirdParty</Filter>
    </ClCompile>
    <ClCompile Include="Private\ThirdParty\imgui\imgui_widgets.cpp">
      <Filter>Source Files\ThirdParty</Filter>
    </ClCompile>
    <ClCompile Include="Private\ThirdParty\imgui\imgui-SFML.cpp">
      <Filter>Source Files\ThirdParty</Filter>
    </ClCompile>
    <ClCompile Include="Private\Game\Game.cpp">
      <Filter>Source Files\Game</Filter>
    </ClCompile>
    <ClCompile Include="Private\EntityManager\EntityManager.cpp">
      <Filter>Source Files\EntityManager</Filter>
    </ClCompile>
    <ClCompile Include="Private\Utils\Utils.cpp">
      <Filter>Source Files\Utils</Filter>
    </ClCompile>
    <ClCompile Include="Private\Window\Window.cpp">
      <Filter>Source Files\Game</Filter>
    </ClCompile>
    <ClCompile Include="Private\Game\ObjectsManager.cpp">
      <Filter>Source Files\Game</Filter>
    </ClCompile>
    <ClCompile Include="Private\Systems\FollowSystem.cpp">
      <Filter>Source Files\Systems</Filter>
    </ClCompile>
    <ClCompile Include="Private\Systems\AvoidanceSystem.cpp">
      <Filter>Source Files\Systems</Filter>
    </ClCompile>
    <ClCompile Include="Private\Systems\InputSystem.cpp">
      <Filter>Source Files\Systems</Filter>
    </ClCompile>
    <ClCompile Include="Private\Systems\MovementSystem.cpp">
      <Filter>Source Files\Systems</Filter>
    </ClCompile>
    <ClCompile Include="Private\Systems\RenderSystem.cpp">
      <Filter>Source Files\Systems</Filter>
    </ClCompile>
    <ClCompile Include="Private\Systems\ShapeSystem.cpp">
      <Filter>Source Files\Systems</Filter>
    </ClCompile>
    <ClCompile Include="Private\Systems\ObstaclesSystem.cpp">
      <Filter>Source Files\Systems</Filter>
    </ClCompile>
    <ClCompile Include="Private\Systems\PathSystem.cpp">
      <Filter>Source Files\Systems</Filter>
    </ClCompile>
    <ClCompile Include="Private\Systems\FlockSystem.cpp">
      <Filter>Source Files\Systems</Filter>
    </ClCompile>
    <ClCompile Include="Private\Systems\CollisionSystem.cpp">
      <Filter>Source Files\Systems</Filter>
    </ClCompile>
  </ItemGroup>
  <ItemGroup>
    <ClInclude Include="Public\Systems\MovementSystem.h">
      <Filter>Header Files\Systems</Filter>
    </ClInclude>
    <ClInclude Include="Public\Systems\InputSystem.h">
      <Filter>Header Files\Systems</Filter>
    </ClInclude>
    <ClInclude Include="Public\Systems\RenderSystem.h">
      <Filter>Header Files\Systems</Filter>
    </ClInclude>
    <ClInclude Include="Public\ThirdParty\imgui\imgui.h">
      <Filter>Header Files\ThirdParty</Filter>
    </ClInclude>
    <ClInclude Include="Public\ThirdParty\imgui\imgui-SFML.h">
      <Filter>Header Files\ThirdParty</Filter>
    </ClInclude>
    <ClInclude Include="Public\Systems\FollowSystem.h">
      <Filter>Header Files\Systems</Filter>
    </ClInclude>
    <ClInclude Include="Public\Systems\BaseSystem.h">
      <Filter>Header Files\Systems</Filter>
    </ClInclude>
    <ClInclude Include="Public\Game\Game.h">
      <Filter>Header Files\Game</Filter>
    </ClInclude>
    <ClInclude Include="Public\Settings\GameSettings.h">
      <Filter>Header Files\Game</Filter>
    </ClInclude>
    <ClInclude Include="Public\Utils\DebugInfo.h">
      <Filter>Header Files\Debug</Filter>
    </ClInclude>
    <ClInclude Include="Public\EntityManager\EntityManager.h">
      <Filter>Header Files\EntityManager</Filter>
    </ClInclude>
    <ClInclude Include="Public\Systems\InputHandler.h">
      <Filter>Header Files\Inputs</Filter>
    </ClInclude>
    <ClInclude Include="Public\Utils\Utils.h">
      <Filter>Header Files\Utils</Filter>
    </ClInclude>
    <ClInclude Include="Public\Window\Window.h">
      <Filter>Header Files\Game</Filter>
    </ClInclude>
    <ClInclude Include="Public\Systems\RealInputHandler.h">
      <Filter>Header Files\Inputs</Filter>
    </ClInclude>
    <ClInclude Include="Public\Systems\ShapeSystem.h">
      <Filter>Header Files\Systems</Filter>
    </ClInclude>
    <ClInclude Include="Public\Game\ObjectsManager.h">
      <Filter>Header Files\Game</Filter>
    </ClInclude>
    <ClInclude Include="Public\Components\Components.h">
      <Filter>Header Files\Components</Filter>
    </ClInclude>
    <ClInclude Include="Public\Components\MovementBehaviour.h">
      <Filter>Header Files\Components</Filter>
    </ClInclude>
    <ClInclude Include="Public\Systems\AvoidanceSystem.h">
      <Filter>Header Files\Systems</Filter>
    </ClInclude>
    <ClInclude Include="Public\Systems\ObstaclesSystem.h">
      <Filter>Header Files\Systems</Filter>
    </ClInclude>
    <ClInclude Include="Public\Systems\PathSystem.h">
      <Filter>Header Files\Systems</Filter>
    </ClInclude>
    <ClInclude Include="Public\Components\Flock.h">
      <Filter>Header Files\Components</Filter>
    </ClInclude>
    <ClInclude Include="Public\Systems\FlockSystem.h">
      <Filter>Header Files\Systems</Filter>
    </ClInclude>
    <ClInclude Include="Public\Systems\CollisionSystem.h">
      <Filter>Header Files\Systems</Filter>
    </ClInclude>
    <ClInclude Include="Public\Systems\QueueSystem.h">
      <Filter>Header Files\Systems</Filter>
    </ClInclude>
  </ItemGroup>
  <ItemGroup>
    <None Include="packages.config" />
  </ItemGroup>
</Project>